<?xml version="1.0" encoding="utf-8"?>
<Project ToolsVersion="4.0" xmlns="http://schemas.microsoft.com/developer/msbuild/2003">
  <ItemGroup>
    <Filter Include="src">
      <UniqueIdentifier>{091473bc-37fd-4e1f-ba5b-9a892fe36cb7}</UniqueIdentifier>
    </Filter>
    <Filter Include="src\Core">
      <UniqueIdentifier>{e166e33b-982c-4b8f-9087-0f18c955ece6}</UniqueIdentifier>
    </Filter>
    <Filter Include="src\Graphics">
      <UniqueIdentifier>{b4c172c5-aa28-4dcd-b02d-5396a7b2b036}</UniqueIdentifier>
    </Filter>
    <Filter Include="src\Physics">
      <UniqueIdentifier>{98d9de42-45c3-4051-8e80-541b8196eeb2}</UniqueIdentifier>
    </Filter>
    <Filter Include="src\Object">
      <UniqueIdentifier>{3ed81eaa-aa3d-4506-bd53-2a128fb820dc}</UniqueIdentifier>
    </Filter>
    <Filter Include="src\Characters">
      <UniqueIdentifier>{ccac7604-3491-4498-b6b2-4574e887c833}</UniqueIdentifier>
    </Filter>
    <Filter Include="src\Animation">
      <UniqueIdentifier>{c24884ae-276e-4a4a-a2f0-52f7473a6188}</UniqueIdentifier>
    </Filter>
  </ItemGroup>
  <ItemGroup>
    <ClCompile Include="Engine.cpp">
      <Filter>src\Core</Filter>
    </ClCompile>
    <ClCompile Include="Main.cpp">
      <Filter>src</Filter>
    </ClCompile>
    <ClCompile Include="TextureManager.cpp">
      <Filter>src\Graphics</Filter>
    </ClCompile>
    <ClCompile Include="Warrior.cpp">
      <Filter>src\Characters</Filter>
    </ClCompile>
    <ClCompile Include="Animation.cpp">
      <Filter>src\Animation</Filter>
    </ClCompile>
  </ItemGroup>
  <ItemGroup>
    <ClInclude Include="Engine.h">
      <Filter>src\Core</Filter>
    </ClInclude>
    <ClInclude Include="Vector2d.h">
      <Filter>src\Physics</Filter>
    </ClInclude>
    <ClInclude Include="TextureManager.h">
      <Filter>src\Graphics</Filter>
    </ClInclude>
    <ClInclude Include="Transform.h">
      <Filter>src\Physics</Filter>
    </ClInclude>
    <ClInclude Include="IObject.h">
      <Filter>src\Object</Filter>
    </ClInclude>
    <ClInclude Include="GameObject.h">
      <Filter>src\Object</Filter>
    </ClInclude>
    <ClInclude Include="Character.h">
      <Filter>src\Characters</Filter>
    </ClInclude>
    <ClInclude Include="Warrior.h">
      <Filter>src\Characters</Filter>
    </ClInclude>
    <ClInclude Include="Animation.h">
      <Filter>src\Animation</Filter>
    </ClInclude>
  </ItemGroup>
</Project>