<?xml version="1.0" encoding="utf-8"?>
<Project ToolsVersion="4.0" xmlns="http://schemas.microsoft.com/developer/msbuild/2003">
  <ItemGroup>
    <Filter Include="src">
      <UniqueIdentifier>{091473bc-37fd-4e1f-ba5b-9a892fe36cb7}</UniqueIdentifier>
    </Filter>
    <Filter Include="src\Core">
      <UniqueIdentifier>{e166e33b-982c-4b8f-9087-0f18c955ece6}</UniqueIdentifier>
    </Filter>
    <Filter Include="src\Graphics">
      <UniqueIdentifier>{b4c172c5-aa28-4dcd-b02d-5396a7b2b036}</UniqueIdentifier>
    </Filter>
  </ItemGroup>
  <ItemGroup>
    <ClCompile Include="Engine.cpp">
      <Filter>src\Core</Filter>
    </ClCompile>
    <ClCompile Include="Main.cpp">
      <Filter>src</Filter>
    </ClCompile>
    <ClCompile Include="TextureManager.cpp" />
  </ItemGroup>
  <ItemGroup>
    <ClInclude Include="Engine.h">
      <Filter>src\Core</Filter>
    </ClInclude>
    <ClInclude Include="TextureManager.h" />
  </ItemGroup>
</Project>